
Microsoft Visual Studio Solution File, Format Version 12.00
# Visual Studio Version 17
VisualStudioVersion = 17.5.33502.453
MinimumVisualStudioVersion = 10.0.40219.1
Project("{FAE04EC0-301F-11D3-BF4B-00C04F79EFBC}") = "Projekt-GYB", "Projekt-GYB\Projekt-GYB.csproj", "{2B25C299-CC87-4F72-AF17-61ECF99F8A28}"
EndProject
Global
	GlobalSection(SolutionConfigurationPlatforms) = preSolution
		Debug|Any CPU = Debug|Any CPU
		Release|Any CPU = Release|Any CPU
	EndGlobalSection
	GlobalSection(ProjectConfigurationPlatforms) = postSolution
		{2B25C299-CC87-4F72-AF17-61ECF99F8A28}.Debug|Any CPU.ActiveCfg = Debug|Any CPU
		{2B25C299-CC87-4F72-AF17-61ECF99F8A28}.Debug|Any CPU.Build.0 = Debug|Any CPU
		{2B25C299-CC87-4F72-AF17-61ECF99F8A28}.Release|Any CPU.ActiveCfg = Release|Any CPU
		{2B25C299-CC87-4F72-AF17-61ECF99F8A28}.Release|Any CPU.Build.0 = Release|Any CPU
	EndGlobalSection
	GlobalSection(SolutionProperties) = preSolution
		HideSolutionNode = FALSE
	EndGlobalSection
	GlobalSection(ExtensibilityGlobals) = postSolution
		SolutionGuid = {475FCE8C-6219-4510-ABA9-0764C09091A0}
	EndGlobalSection
EndGlobal
